
Microsoft Visual Studio Solution File, Format Version 12.00
# Visual Studio Version 17
VisualStudioVersion = 17.9.34723.18
MinimumVisualStudioVersion = 10.0.40219.1
Project("{2150E333-8FDC-42A3-9474-1A3956D46DE8}") = "Services", "Services", "{570DBB6D-911D-440F-9CCF-2958B4519315}"
EndProject
Project("{2150E333-8FDC-42A3-9474-1A3956D46DE8}") = "Catalog", "Catalog", "{BFF4DDBD-6BC9-45EE-A248-8CDDBBADC170}"
EndProject
Project("{9A19103F-16F7-4668-BE54-9A1E7A4F7556}") = "MultiShop.Catalog", "Services\Catalog\MultiShop.Catalog\MultiShop.Catalog.csproj", "{0CB3262A-384C-439C-B7E0-544107F6A259}"
EndProject
Project("{2150E333-8FDC-42A3-9474-1A3956D46DE8}") = "Discount", "Discount", "{0FCE3D12-A14F-4F66-8EFA-9C3D9D23803F}"
EndProject
Project("{9A19103F-16F7-4668-BE54-9A1E7A4F7556}") = "MultiShop.Discount", "Services\Discount\MultiShop.Discount\MultiShop.Discount.csproj", "{D521EC8E-3627-4183-9984-08BFEE6A805A}"
EndProject
Project("{2150E333-8FDC-42A3-9474-1A3956D46DE8}") = "Order", "Order", "{3AF7DDCE-3222-41F5-B837-8558FA4C8A02}"
EndProject
Project("{2150E333-8FDC-42A3-9474-1A3956D46DE8}") = "Core", "Core", "{74157348-CFCE-4501-9099-C2677E29F404}"
EndProject
Project("{2150E333-8FDC-42A3-9474-1A3956D46DE8}") = "Infrastructure", "Infrastructure", "{F2DC90B7-F68A-427A-BBB7-B513C0F07230}"
EndProject
Project("{2150E333-8FDC-42A3-9474-1A3956D46DE8}") = "Presentation", "Presentation", "{299D2BAA-BBEF-43E2-80FB-97D741F5A36D}"
EndProject
Project("{9A19103F-16F7-4668-BE54-9A1E7A4F7556}") = "MultiShop.Order.Application", "Services\Order\Core\MultiShop.Order.Application\MultiShop.Order.Application.csproj", "{0ECD54B2-4321-4FBD-ABD6-A9F03A5C2BC1}"
EndProject
Project("{9A19103F-16F7-4668-BE54-9A1E7A4F7556}") = "MultiShop.Order.Domain", "Services\Order\Core\MultiShop.Order.Domain\MultiShop.Order.Domain.csproj", "{4B5E6C52-D4DA-4C20-91E9-9A754EBE022B}"
EndProject
Project("{9A19103F-16F7-4668-BE54-9A1E7A4F7556}") = "MultiShop.Order.Persistence", "Services\Order\Infrastructure\MultiShop.Order.Persistence\MultiShop.Order.Persistence.csproj", "{22871BDB-FF15-465A-B5E2-12D1FA1AB684}"
EndProject
Project("{9A19103F-16F7-4668-BE54-9A1E7A4F7556}") = "MultiShop.Order.WebApi", "Services\Order\Presentation\MultiShop.Order.WebApi\MultiShop.Order.WebApi.csproj", "{E6061455-9101-40A8-B986-FA8AEDE0A799}"
EndProject
Project("{2150E333-8FDC-42A3-9474-1A3956D46DE8}") = "IdentityServer", "IdentityServer", "{C9D05056-315D-4A25-91A6-0588983E57DC}"
EndProject
Project("{9A19103F-16F7-4668-BE54-9A1E7A4F7556}") = "MultiShop.IdentityServer", "IdentityServer\MultiShop.IdentityServer\MultiShop.IdentityServer.csproj", "{2C8DAD3E-CA24-403E-8B35-DC5C4856CA8D}"
EndProject
Project("{2150E333-8FDC-42A3-9474-1A3956D46DE8}") = "Requirements", "Requirements", "{1376447B-A6BB-473B-9C71-157053132D52}"
	ProjectSection(SolutionItems) = preProject
		IdentityServerVersionError.txt = IdentityServerVersionError.txt
		PortainerCmd.txt = PortainerCmd.txt
		PortNumbers.txt = PortNumbers.txt
	EndProjectSection
EndProject
Project("{2150E333-8FDC-42A3-9474-1A3956D46DE8}") = "Cargo", "Cargo", "{2C2CE438-FDD9-425E-A277-6B0E5388101A}"
EndProject
Project("{9A19103F-16F7-4668-BE54-9A1E7A4F7556}") = "MultiShop.Cargo.BusinessLayer", "Services\Cargo\MultiShop.Cargo.BusinessLayer\MultiShop.Cargo.BusinessLayer.csproj", "{39214121-D274-4C6C-9D29-3D6F7E642177}"
EndProject
Project("{9A19103F-16F7-4668-BE54-9A1E7A4F7556}") = "MultiShop.Cargo.EntityLayer", "Services\Cargo\MultiShop.Cargo.EntityLayer\MultiShop.Cargo.EntityLayer.csproj", "{08FC9BB4-AF0B-4464-AFAE-03C201483A41}"
EndProject
Project("{9A19103F-16F7-4668-BE54-9A1E7A4F7556}") = "MultiShop.Cargo.DataAccessLayer", "Services\Cargo\MultiShop.Cargo.DataAccessLayer\MultiShop.Cargo.DataAccessLayer.csproj", "{40C5E205-1EC5-495D-873A-CBD80C4998ED}"
EndProject
Project("{9A19103F-16F7-4668-BE54-9A1E7A4F7556}") = "MultiShop.Cargo.DtoLayer", "Services\Cargo\MultiShop.Cargo.DtoLayer\MultiShop.Cargo.DtoLayer.csproj", "{2C36A905-2133-46F6-800A-BC198FED7D5F}"
EndProject
Project("{9A19103F-16F7-4668-BE54-9A1E7A4F7556}") = "MultiShop.Cargo.WebApi", "Services\Cargo\MultiShop.Cargo.WebApi\MultiShop.Cargo.WebApi.csproj", "{E419BACA-6B8E-4CF7-B208-7C0000BF9F85}"
EndProject
Project("{2150E333-8FDC-42A3-9474-1A3956D46DE8}") = "Basket", "Basket", "{BF3803E6-602F-4710-98FB-CC296D738E29}"
EndProject
Project("{9A19103F-16F7-4668-BE54-9A1E7A4F7556}") = "MultiShop.Basket", "Services\Basket\MultiShop.Basket\MultiShop.Basket.csproj", "{E7D6B5C2-E02C-4346-BC5A-7FAB2E9C0532}"
EndProject
Project("{2150E333-8FDC-42A3-9474-1A3956D46DE8}") = "FrontEnds", "FrontEnds", "{63BBABBC-49DF-4BA9-A321-81B7A1A80414}"
EndProject
Project("{9A19103F-16F7-4668-BE54-9A1E7A4F7556}") = "MultiShop.WebUI", "Frontends\MultiShop.WebUI\MultiShop.WebUI.csproj", "{481A0564-C183-40EC-83F1-A61DD2C9FC52}"
EndProject
Project("{FAE04EC0-301F-11D3-BF4B-00C04F79EFBC}") = "MultiShop.DtoLayer", "Frontends\MultiShop.DtoLayer\MultiShop.DtoLayer.csproj", "{3D20F68E-754B-4376-93E0-F0CAC3EDB739}"
EndProject
Global
	GlobalSection(SolutionConfigurationPlatforms) = preSolution
		Debug|Any CPU = Debug|Any CPU
		Release|Any CPU = Release|Any CPU
	EndGlobalSection
	GlobalSection(ProjectConfigurationPlatforms) = postSolution
		{0CB3262A-384C-439C-B7E0-544107F6A259}.Debug|Any CPU.ActiveCfg = Debug|Any CPU
		{0CB3262A-384C-439C-B7E0-544107F6A259}.Debug|Any CPU.Build.0 = Debug|Any CPU
		{0CB3262A-384C-439C-B7E0-544107F6A259}.Release|Any CPU.ActiveCfg = Release|Any CPU
		{0CB3262A-384C-439C-B7E0-544107F6A259}.Release|Any CPU.Build.0 = Release|Any CPU
		{D521EC8E-3627-4183-9984-08BFEE6A805A}.Debug|Any CPU.ActiveCfg = Debug|Any CPU
		{D521EC8E-3627-4183-9984-08BFEE6A805A}.Debug|Any CPU.Build.0 = Debug|Any CPU
		{D521EC8E-3627-4183-9984-08BFEE6A805A}.Release|Any CPU.ActiveCfg = Release|Any CPU
		{D521EC8E-3627-4183-9984-08BFEE6A805A}.Release|Any CPU.Build.0 = Release|Any CPU
		{0ECD54B2-4321-4FBD-ABD6-A9F03A5C2BC1}.Debug|Any CPU.ActiveCfg = Debug|Any CPU
		{0ECD54B2-4321-4FBD-ABD6-A9F03A5C2BC1}.Debug|Any CPU.Build.0 = Debug|Any CPU
		{0ECD54B2-4321-4FBD-ABD6-A9F03A5C2BC1}.Release|Any CPU.ActiveCfg = Release|Any CPU
		{0ECD54B2-4321-4FBD-ABD6-A9F03A5C2BC1}.Release|Any CPU.Build.0 = Release|Any CPU
		{4B5E6C52-D4DA-4C20-91E9-9A754EBE022B}.Debug|Any CPU.ActiveCfg = Debug|Any CPU
		{4B5E6C52-D4DA-4C20-91E9-9A754EBE022B}.Debug|Any CPU.Build.0 = Debug|Any CPU
		{4B5E6C52-D4DA-4C20-91E9-9A754EBE022B}.Release|Any CPU.ActiveCfg = Release|Any CPU
		{4B5E6C52-D4DA-4C20-91E9-9A754EBE022B}.Release|Any CPU.Build.0 = Release|Any CPU
		{22871BDB-FF15-465A-B5E2-12D1FA1AB684}.Debug|Any CPU.ActiveCfg = Debug|Any CPU
		{22871BDB-FF15-465A-B5E2-12D1FA1AB684}.Debug|Any CPU.Build.0 = Debug|Any CPU
		{22871BDB-FF15-465A-B5E2-12D1FA1AB684}.Release|Any CPU.ActiveCfg = Release|Any CPU
		{22871BDB-FF15-465A-B5E2-12D1FA1AB684}.Release|Any CPU.Build.0 = Release|Any CPU
		{E6061455-9101-40A8-B986-FA8AEDE0A799}.Debug|Any CPU.ActiveCfg = Debug|Any CPU
		{E6061455-9101-40A8-B986-FA8AEDE0A799}.Debug|Any CPU.Build.0 = Debug|Any CPU
		{E6061455-9101-40A8-B986-FA8AEDE0A799}.Release|Any CPU.ActiveCfg = Release|Any CPU
		{E6061455-9101-40A8-B986-FA8AEDE0A799}.Release|Any CPU.Build.0 = Release|Any CPU
		{2C8DAD3E-CA24-403E-8B35-DC5C4856CA8D}.Debug|Any CPU.ActiveCfg = Debug|Any CPU
		{2C8DAD3E-CA24-403E-8B35-DC5C4856CA8D}.Debug|Any CPU.Build.0 = Debug|Any CPU
		{2C8DAD3E-CA24-403E-8B35-DC5C4856CA8D}.Release|Any CPU.ActiveCfg = Release|Any CPU
		{2C8DAD3E-CA24-403E-8B35-DC5C4856CA8D}.Release|Any CPU.Build.0 = Release|Any CPU
		{39214121-D274-4C6C-9D29-3D6F7E642177}.Debug|Any CPU.ActiveCfg = Debug|Any CPU
		{39214121-D274-4C6C-9D29-3D6F7E642177}.Debug|Any CPU.Build.0 = Debug|Any CPU
		{39214121-D274-4C6C-9D29-3D6F7E642177}.Release|Any CPU.ActiveCfg = Release|Any CPU
		{39214121-D274-4C6C-9D29-3D6F7E642177}.Release|Any CPU.Build.0 = Release|Any CPU
		{08FC9BB4-AF0B-4464-AFAE-03C201483A41}.Debug|Any CPU.ActiveCfg = Debug|Any CPU
		{08FC9BB4-AF0B-4464-AFAE-03C201483A41}.Debug|Any CPU.Build.0 = Debug|Any CPU
		{08FC9BB4-AF0B-4464-AFAE-03C201483A41}.Release|Any CPU.ActiveCfg = Release|Any CPU
		{08FC9BB4-AF0B-4464-AFAE-03C201483A41}.Release|Any CPU.Build.0 = Release|Any CPU
		{40C5E205-1EC5-495D-873A-CBD80C4998ED}.Debug|Any CPU.ActiveCfg = Debug|Any CPU
		{40C5E205-1EC5-495D-873A-CBD80C4998ED}.Debug|Any CPU.Build.0 = Debug|Any CPU
		{40C5E205-1EC5-495D-873A-CBD80C4998ED}.Release|Any CPU.ActiveCfg = Release|Any CPU
		{40C5E205-1EC5-495D-873A-CBD80C4998ED}.Release|Any CPU.Build.0 = Release|Any CPU
		{2C36A905-2133-46F6-800A-BC198FED7D5F}.Debug|Any CPU.ActiveCfg = Debug|Any CPU
		{2C36A905-2133-46F6-800A-BC198FED7D5F}.Debug|Any CPU.Build.0 = Debug|Any CPU
		{2C36A905-2133-46F6-800A-BC198FED7D5F}.Release|Any CPU.ActiveCfg = Release|Any CPU
		{2C36A905-2133-46F6-800A-BC198FED7D5F}.Release|Any CPU.Build.0 = Release|Any CPU
		{E419BACA-6B8E-4CF7-B208-7C0000BF9F85}.Debug|Any CPU.ActiveCfg = Debug|Any CPU
		{E419BACA-6B8E-4CF7-B208-7C0000BF9F85}.Debug|Any CPU.Build.0 = Debug|Any CPU
		{E419BACA-6B8E-4CF7-B208-7C0000BF9F85}.Release|Any CPU.ActiveCfg = Release|Any CPU
		{E419BACA-6B8E-4CF7-B208-7C0000BF9F85}.Release|Any CPU.Build.0 = Release|Any CPU
		{E7D6B5C2-E02C-4346-BC5A-7FAB2E9C0532}.Debug|Any CPU.ActiveCfg = Debug|Any CPU
		{E7D6B5C2-E02C-4346-BC5A-7FAB2E9C0532}.Debug|Any CPU.Build.0 = Debug|Any CPU
		{E7D6B5C2-E02C-4346-BC5A-7FAB2E9C0532}.Release|Any CPU.ActiveCfg = Release|Any CPU
		{E7D6B5C2-E02C-4346-BC5A-7FAB2E9C0532}.Release|Any CPU.Build.0 = Release|Any CPU
		{481A0564-C183-40EC-83F1-A61DD2C9FC52}.Debug|Any CPU.ActiveCfg = Debug|Any CPU
		{481A0564-C183-40EC-83F1-A61DD2C9FC52}.Debug|Any CPU.Build.0 = Debug|Any CPU
		{481A0564-C183-40EC-83F1-A61DD2C9FC52}.Release|Any CPU.ActiveCfg = Release|Any CPU
		{481A0564-C183-40EC-83F1-A61DD2C9FC52}.Release|Any CPU.Build.0 = Release|Any CPU
		{3D20F68E-754B-4376-93E0-F0CAC3EDB739}.Debug|Any CPU.ActiveCfg = Debug|Any CPU
		{3D20F68E-754B-4376-93E0-F0CAC3EDB739}.Debug|Any CPU.Build.0 = Debug|Any CPU
		{3D20F68E-754B-4376-93E0-F0CAC3EDB739}.Release|Any CPU.ActiveCfg = Release|Any CPU
		{3D20F68E-754B-4376-93E0-F0CAC3EDB739}.Release|Any CPU.Build.0 = Release|Any CPU
	EndGlobalSection
	GlobalSection(SolutionProperties) = preSolution
		HideSolutionNode = FALSE
	EndGlobalSection
	GlobalSection(NestedProjects) = preSolution
		{BFF4DDBD-6BC9-45EE-A248-8CDDBBADC170} = {570DBB6D-911D-440F-9CCF-2958B4519315}
		{0CB3262A-384C-439C-B7E0-544107F6A259} = {BFF4DDBD-6BC9-45EE-A248-8CDDBBADC170}
		{0FCE3D12-A14F-4F66-8EFA-9C3D9D23803F} = {570DBB6D-911D-440F-9CCF-2958B4519315}
		{D521EC8E-3627-4183-9984-08BFEE6A805A} = {0FCE3D12-A14F-4F66-8EFA-9C3D9D23803F}
		{3AF7DDCE-3222-41F5-B837-8558FA4C8A02} = {570DBB6D-911D-440F-9CCF-2958B4519315}
		{74157348-CFCE-4501-9099-C2677E29F404} = {3AF7DDCE-3222-41F5-B837-8558FA4C8A02}
		{F2DC90B7-F68A-427A-BBB7-B513C0F07230} = {3AF7DDCE-3222-41F5-B837-8558FA4C8A02}
		{299D2BAA-BBEF-43E2-80FB-97D741F5A36D} = {3AF7DDCE-3222-41F5-B837-8558FA4C8A02}
		{0ECD54B2-4321-4FBD-ABD6-A9F03A5C2BC1} = {74157348-CFCE-4501-9099-C2677E29F404}
		{4B5E6C52-D4DA-4C20-91E9-9A754EBE022B} = {74157348-CFCE-4501-9099-C2677E29F404}
		{22871BDB-FF15-465A-B5E2-12D1FA1AB684} = {F2DC90B7-F68A-427A-BBB7-B513C0F07230}
		{E6061455-9101-40A8-B986-FA8AEDE0A799} = {299D2BAA-BBEF-43E2-80FB-97D741F5A36D}
		{2C8DAD3E-CA24-403E-8B35-DC5C4856CA8D} = {C9D05056-315D-4A25-91A6-0588983E57DC}
		{2C2CE438-FDD9-425E-A277-6B0E5388101A} = {570DBB6D-911D-440F-9CCF-2958B4519315}
		{39214121-D274-4C6C-9D29-3D6F7E642177} = {2C2CE438-FDD9-425E-A277-6B0E5388101A}
		{08FC9BB4-AF0B-4464-AFAE-03C201483A41} = {2C2CE438-FDD9-425E-A277-6B0E5388101A}
		{40C5E205-1EC5-495D-873A-CBD80C4998ED} = {2C2CE438-FDD9-425E-A277-6B0E5388101A}
		{2C36A905-2133-46F6-800A-BC198FED7D5F} = {2C2CE438-FDD9-425E-A277-6B0E5388101A}
		{E419BACA-6B8E-4CF7-B208-7C0000BF9F85} = {2C2CE438-FDD9-425E-A277-6B0E5388101A}
		{BF3803E6-602F-4710-98FB-CC296D738E29} = {570DBB6D-911D-440F-9CCF-2958B4519315}
		{E7D6B5C2-E02C-4346-BC5A-7FAB2E9C0532} = {BF3803E6-602F-4710-98FB-CC296D738E29}
		{481A0564-C183-40EC-83F1-A61DD2C9FC52} = {63BBABBC-49DF-4BA9-A321-81B7A1A80414}
		{3D20F68E-754B-4376-93E0-F0CAC3EDB739} = {63BBABBC-49DF-4BA9-A321-81B7A1A80414}
	EndGlobalSection
	GlobalSection(ExtensibilityGlobals) = postSolution
		SolutionGuid = {19DF8FA5-2952-4269-9F69-15D137692119}
	EndGlobalSection
EndGlobal
